Microsoft Visual Studio Solution File, Format Version 12.00
# Visual Studio Version 17
VisualStudioVersion = 17.5.2.0
MinimumVisualStudioVersion = 10.0.40219.1
Project("{FAE04EC0-301F-11D3-BF4B-00C04F79EFBC}") = "PackageWeightAnalyzer", "PackageWeightAnalyzer\PackageWeightAnalyzer.csproj", "{B64ABCD1-954A-5E99-BEF7-A3CAC4EDF3B9}"
EndProject
Global
	GlobalSection(SolutionConfigurationPlatforms) = preSolution
		Debug|Any CPU = Debug|Any CPU
		Release|Any CPU = Release|Any CPU
	EndGlobalSection
	GlobalSection(ProjectConfigurationPlatforms) = postSolution
		{B64ABCD1-954A-5E99-BEF7-A3CAC4EDF3B9}.Debug|Any CPU.ActiveCfg = Debug|Any CPU
		{B64ABCD1-954A-5E99-BEF7-A3CAC4EDF3B9}.Debug|Any CPU.Build.0 = Debug|Any CPU
		{B64ABCD1-954A-5E99-BEF7-A3CAC4EDF3B9}.Release|Any CPU.ActiveCfg = Release|Any CPU
		{B64ABCD1-954A-5E99-BEF7-A3CAC4EDF3B9}.Release|Any CPU.Build.0 = Release|Any CPU
	EndGlobalSection
	GlobalSection(SolutionProperties) = preSolution
		HideSolutionNode = FALSE
	EndGlobalSection
	GlobalSection(ExtensibilityGlobals) = postSolution
		SolutionGuid = {50B8AE89-AC7A-483C-AC67-5F9978BF9BF2}
	EndGlobalSection
EndGlobal
